
Microsoft Visual Studio Solution File, Format Version 12.00
# Visual Studio 15
VisualStudioVersion = 15.0.27703.1
MinimumVisualStudioVersion = 10.0.40219.1
Project("{FAE04EC0-301F-11D3-BF4B-00C04F79EFBC}") = "ServicePlace.Website", "ServicePlace.Website\ServicePlace.Website.csproj", "{2BC1202A-149F-44D3-BDAD-5E67C758F369}"
EndProject
Project("{FAE04EC0-301F-11D3-BF4B-00C04F79EFBC}") = "ServicePlace.DataProvider", "ServicePlace.DataProvider\ServicePlace.DataProvider.csproj", "{D2375805-D8EB-4014-9BD3-8F077D019786}"
EndProject
Project("{FAE04EC0-301F-11D3-BF4B-00C04F79EFBC}") = "ServicePlace.Model", "ServicePlace.Model\ServicePlace.Model.csproj", "{47CEE8DF-4231-4ECA-96D4-6DC71768269C}"
EndProject
Project("{FAE04EC0-301F-11D3-BF4B-00C04F79EFBC}") = "ServicePlace.Logic", "ServicePlace.Logic\ServicePlace.Logic.csproj", "{8242A870-A341-480B-B77C-20887F8ABF8B}"
EndProject
Project("{FAE04EC0-301F-11D3-BF4B-00C04F79EFBC}") = "ServicePlace.Common", "ServicePlace.Common\ServicePlace.Common.csproj", "{DA393A72-6A15-4B72-B121-16847BCA4957}"
EndProject
Project("{2150E333-8FDC-42A3-9474-1A3956D46DE8}") = "NUnitTest", "NUnitTest", "{F4440A0B-829C-4222-8AA8-65E7B6755984}"
EndProject
Project("{FAE04EC0-301F-11D3-BF4B-00C04F79EFBC}") = "ServicePlace.Common.NUnitTest", "ServicePlace.Common.NUnitTest\ServicePlace.Common.NUnitTest.csproj", "{E26C719D-029D-4912-A6A0-C18A5623B192}"
EndProject
Project("{FAE04EC0-301F-11D3-BF4B-00C04F79EFBC}") = "ServicePlace.DataProvider.NUnitTest", "ServicePlace.DataProvider.NUnitTest\ServicePlace.DataProvider.NUnitTest.csproj", "{88D5C2B5-41B9-4FCE-BDA3-82CB49CEAC46}"
EndProject
Project("{FAE04EC0-301F-11D3-BF4B-00C04F79EFBC}") = "ServicePlace.Logic.NUnitTest", "ServicePlace.Logic.NUnitTest\ServicePlace.Logic.NUnitTest.csproj", "{B6FBEFD3-8011-4240-B8BF-F5A446BB06D3}"
EndProject
Project("{2150E333-8FDC-42A3-9474-1A3956D46DE8}") = "Projects", "Projects", "{B97D2937-9491-42BA-82EC-BB3376186F33}"
EndProject
Project("{FAE04EC0-301F-11D3-BF4B-00C04F79EFBC}") = "ServicePlace.DataInitializer", "ServicePlace.DataInitializer\ServicePlace.DataInitializer.csproj", "{4CF1840E-730D-40AC-BEC9-402996036E19}"
EndProject
Global
	GlobalSection(SolutionConfigurationPlatforms) = preSolution
		Debug|Any CPU = Debug|Any CPU
		Debug|ARM = Debug|ARM
		Debug|ARM64 = Debug|ARM64
		Debug|x64 = Debug|x64
		Debug|x86 = Debug|x86
		Release|Any CPU = Release|Any CPU
		Release|ARM = Release|ARM
		Release|ARM64 = Release|ARM64
		Release|x64 = Release|x64
		Release|x86 = Release|x86
	EndGlobalSection
	GlobalSection(ProjectConfigurationPlatforms) = postSolution
		{2BC1202A-149F-44D3-BDAD-5E67C758F369}.Debug|Any CPU.ActiveCfg = Debug|Any CPU
		{2BC1202A-149F-44D3-BDAD-5E67C758F369}.Debug|Any CPU.Build.0 = Debug|Any CPU
		{2BC1202A-149F-44D3-BDAD-5E67C758F369}.Debug|ARM.ActiveCfg = Debug|Any CPU
		{2BC1202A-149F-44D3-BDAD-5E67C758F369}.Debug|ARM.Build.0 = Debug|Any CPU
		{2BC1202A-149F-44D3-BDAD-5E67C758F369}.Debug|ARM64.ActiveCfg = Debug|Any CPU
		{2BC1202A-149F-44D3-BDAD-5E67C758F369}.Debug|ARM64.Build.0 = Debug|Any CPU
		{2BC1202A-149F-44D3-BDAD-5E67C758F369}.Debug|x64.ActiveCfg = Debug|Any CPU
		{2BC1202A-149F-44D3-BDAD-5E67C758F369}.Debug|x64.Build.0 = Debug|Any CPU
		{2BC1202A-149F-44D3-BDAD-5E67C758F369}.Debug|x86.ActiveCfg = Debug|Any CPU
		{2BC1202A-149F-44D3-BDAD-5E67C758F369}.Debug|x86.Build.0 = Debug|Any CPU
		{2BC1202A-149F-44D3-BDAD-5E67C758F369}.Release|Any CPU.ActiveCfg = Release|Any CPU
		{2BC1202A-149F-44D3-BDAD-5E67C758F369}.Release|Any CPU.Build.0 = Release|Any CPU
		{2BC1202A-149F-44D3-BDAD-5E67C758F369}.Release|ARM.ActiveCfg = Release|Any CPU
		{2BC1202A-149F-44D3-BDAD-5E67C758F369}.Release|ARM.Build.0 = Release|Any CPU
		{2BC1202A-149F-44D3-BDAD-5E67C758F369}.Release|ARM64.ActiveCfg = Release|Any CPU
		{2BC1202A-149F-44D3-BDAD-5E67C758F369}.Release|ARM64.Build.0 = Release|Any CPU
		{2BC1202A-149F-44D3-BDAD-5E67C758F369}.Release|x64.ActiveCfg = Release|Any CPU
		{2BC1202A-149F-44D3-BDAD-5E67C758F369}.Release|x64.Build.0 = Release|Any CPU
		{2BC1202A-149F-44D3-BDAD-5E67C758F369}.Release|x86.ActiveCfg = Release|Any CPU
		{2BC1202A-149F-44D3-BDAD-5E67C758F369}.Release|x86.Build.0 = Release|Any CPU
		{D2375805-D8EB-4014-9BD3-8F077D019786}.Debug|Any CPU.ActiveCfg = Debug|Any CPU
		{D2375805-D8EB-4014-9BD3-8F077D019786}.Debug|Any CPU.Build.0 = Debug|Any CPU
		{D2375805-D8EB-4014-9BD3-8F077D019786}.Debug|ARM.ActiveCfg = Debug|Any CPU
		{D2375805-D8EB-4014-9BD3-8F077D019786}.Debug|ARM.Build.0 = Debug|Any CPU
		{D2375805-D8EB-4014-9BD3-8F077D019786}.Debug|ARM64.ActiveCfg = Debug|Any CPU
		{D2375805-D8EB-4014-9BD3-8F077D019786}.Debug|ARM64.Build.0 = Debug|Any CPU
		{D2375805-D8EB-4014-9BD3-8F077D019786}.Debug|x64.ActiveCfg = Debug|Any CPU
		{D2375805-D8EB-4014-9BD3-8F077D019786}.Debug|x64.Build.0 = Debug|Any CPU
		{D2375805-D8EB-4014-9BD3-8F077D019786}.Debug|x86.ActiveCfg = Debug|Any CPU
		{D2375805-D8EB-4014-9BD3-8F077D019786}.Debug|x86.Build.0 = Debug|Any CPU
		{D2375805-D8EB-4014-9BD3-8F077D019786}.Release|Any CPU.ActiveCfg = Release|Any CPU
		{D2375805-D8EB-4014-9BD3-8F077D019786}.Release|Any CPU.Build.0 = Release|Any CPU
		{D2375805-D8EB-4014-9BD3-8F077D019786}.Release|ARM.ActiveCfg = Release|Any CPU
		{D2375805-D8EB-4014-9BD3-8F077D019786}.Release|ARM.Build.0 = Release|Any CPU
		{D2375805-D8EB-4014-9BD3-8F077D019786}.Release|ARM64.ActiveCfg = Release|Any CPU
		{D2375805-D8EB-4014-9BD3-8F077D019786}.Release|ARM64.Build.0 = Release|Any CPU
		{D2375805-D8EB-4014-9BD3-8F077D019786}.Release|x64.ActiveCfg = Release|Any CPU
		{D2375805-D8EB-4014-9BD3-8F077D019786}.Release|x64.Build.0 = Release|Any CPU
		{D2375805-D8EB-4014-9BD3-8F077D019786}.Release|x86.ActiveCfg = Release|Any CPU
		{D2375805-D8EB-4014-9BD3-8F077D019786}.Release|x86.Build.0 = Release|Any CPU
		{47CEE8DF-4231-4ECA-96D4-6DC71768269C}.Debug|Any CPU.ActiveCfg = Debug|Any CPU
		{47CEE8DF-4231-4ECA-96D4-6DC71768269C}.Debug|Any CPU.Build.0 = Debug|Any CPU
		{47CEE8DF-4231-4ECA-96D4-6DC71768269C}.Debug|ARM.ActiveCfg = Debug|Any CPU
		{47CEE8DF-4231-4ECA-96D4-6DC71768269C}.Debug|ARM.Build.0 = Debug|Any CPU
		{47CEE8DF-4231-4ECA-96D4-6DC71768269C}.Debug|ARM64.ActiveCfg = Debug|Any CPU
		{47CEE8DF-4231-4ECA-96D4-6DC71768269C}.Debug|ARM64.Build.0 = Debug|Any CPU
		{47CEE8DF-4231-4ECA-96D4-6DC71768269C}.Debug|x64.ActiveCfg = Debug|Any CPU
		{47CEE8DF-4231-4ECA-96D4-6DC71768269C}.Debug|x64.Build.0 = Debug|Any CPU
		{47CEE8DF-4231-4ECA-96D4-6DC71768269C}.Debug|x86.ActiveCfg = Debug|Any CPU
		{47CEE8DF-4231-4ECA-96D4-6DC71768269C}.Debug|x86.Build.0 = Debug|Any CPU
		{47CEE8DF-4231-4ECA-96D4-6DC71768269C}.Release|Any CPU.ActiveCfg = Release|Any CPU
		{47CEE8DF-4231-4ECA-96D4-6DC71768269C}.Release|Any CPU.Build.0 = Release|Any CPU
		{47CEE8DF-4231-4ECA-96D4-6DC71768269C}.Release|ARM.ActiveCfg = Release|Any CPU
		{47CEE8DF-4231-4ECA-96D4-6DC71768269C}.Release|ARM.Build.0 = Release|Any CPU
		{47CEE8DF-4231-4ECA-96D4-6DC71768269C}.Release|ARM64.ActiveCfg = Release|Any CPU
		{47CEE8DF-4231-4ECA-96D4-6DC71768269C}.Release|ARM64.Build.0 = Release|Any CPU
		{47CEE8DF-4231-4ECA-96D4-6DC71768269C}.Release|x64.ActiveCfg = Release|Any CPU
		{47CEE8DF-4231-4ECA-96D4-6DC71768269C}.Release|x64.Build.0 = Release|Any CPU
		{47CEE8DF-4231-4ECA-96D4-6DC71768269C}.Release|x86.ActiveCfg = Release|Any CPU
		{47CEE8DF-4231-4ECA-96D4-6DC71768269C}.Release|x86.Build.0 = Release|Any CPU
		{8242A870-A341-480B-B77C-20887F8ABF8B}.Debug|Any CPU.ActiveCfg = Debug|Any CPU
		{8242A870-A341-480B-B77C-20887F8ABF8B}.Debug|Any CPU.Build.0 = Debug|Any CPU
		{8242A870-A341-480B-B77C-20887F8ABF8B}.Debug|ARM.ActiveCfg = Debug|Any CPU
		{8242A870-A341-480B-B77C-20887F8ABF8B}.Debug|ARM.Build.0 = Debug|Any CPU
		{8242A870-A341-480B-B77C-20887F8ABF8B}.Debug|ARM64.ActiveCfg = Debug|Any CPU
		{8242A870-A341-480B-B77C-20887F8ABF8B}.Debug|ARM64.Build.0 = Debug|Any CPU
		{8242A870-A341-480B-B77C-20887F8ABF8B}.Debug|x64.ActiveCfg = Debug|Any CPU
		{8242A870-A341-480B-B77C-20887F8ABF8B}.Debug|x64.Build.0 = Debug|Any CPU
		{8242A870-A341-480B-B77C-20887F8ABF8B}.Debug|x86.ActiveCfg = Debug|Any CPU
		{8242A870-A341-480B-B77C-20887F8ABF8B}.Debug|x86.Build.0 = Debug|Any CPU
		{8242A870-A341-480B-B77C-20887F8ABF8B}.Release|Any CPU.ActiveCfg = Release|Any CPU
		{8242A870-A341-480B-B77C-20887F8ABF8B}.Release|Any CPU.Build.0 = Release|Any CPU
		{8242A870-A341-480B-B77C-20887F8ABF8B}.Release|ARM.ActiveCfg = Release|Any CPU
		{8242A870-A341-480B-B77C-20887F8ABF8B}.Release|ARM.Build.0 = Release|Any CPU
		{8242A870-A341-480B-B77C-20887F8ABF8B}.Release|ARM64.ActiveCfg = Release|Any CPU
		{8242A870-A341-480B-B77C-20887F8ABF8B}.Release|ARM64.Build.0 = Release|Any CPU
		{8242A870-A341-480B-B77C-20887F8ABF8B}.Release|x64.ActiveCfg = Release|Any CPU
		{8242A870-A341-480B-B77C-20887F8ABF8B}.Release|x64.Build.0 = Release|Any CPU
		{8242A870-A341-480B-B77C-20887F8ABF8B}.Release|x86.ActiveCfg = Release|Any CPU
		{8242A870-A341-480B-B77C-20887F8ABF8B}.Release|x86.Build.0 = Release|Any CPU
		{DA393A72-6A15-4B72-B121-16847BCA4957}.Debug|Any CPU.ActiveCfg = Debug|Any CPU
		{DA393A72-6A15-4B72-B121-16847BCA4957}.Debug|Any CPU.Build.0 = Debug|Any CPU
		{DA393A72-6A15-4B72-B121-16847BCA4957}.Debug|ARM.ActiveCfg = Debug|Any CPU
		{DA393A72-6A15-4B72-B121-16847BCA4957}.Debug|ARM.Build.0 = Debug|Any CPU
		{DA393A72-6A15-4B72-B121-16847BCA4957}.Debug|ARM64.ActiveCfg = Debug|Any CPU
		{DA393A72-6A15-4B72-B121-16847BCA4957}.Debug|ARM64.Build.0 = Debug|Any CPU
		{DA393A72-6A15-4B72-B121-16847BCA4957}.Debug|x64.ActiveCfg = Debug|Any CPU
		{DA393A72-6A15-4B72-B121-16847BCA4957}.Debug|x64.Build.0 = Debug|Any CPU
		{DA393A72-6A15-4B72-B121-16847BCA4957}.Debug|x86.ActiveCfg = Debug|Any CPU
		{DA393A72-6A15-4B72-B121-16847BCA4957}.Debug|x86.Build.0 = Debug|Any CPU
		{DA393A72-6A15-4B72-B121-16847BCA4957}.Release|Any CPU.ActiveCfg = Release|Any CPU
		{DA393A72-6A15-4B72-B121-16847BCA4957}.Release|Any CPU.Build.0 = Release|Any CPU
		{DA393A72-6A15-4B72-B121-16847BCA4957}.Release|ARM.ActiveCfg = Release|Any CPU
		{DA393A72-6A15-4B72-B121-16847BCA4957}.Release|ARM.Build.0 = Release|Any CPU
		{DA393A72-6A15-4B72-B121-16847BCA4957}.Release|ARM64.ActiveCfg = Release|Any CPU
		{DA393A72-6A15-4B72-B121-16847BCA4957}.Release|ARM64.Build.0 = Release|Any CPU
		{DA393A72-6A15-4B72-B121-16847BCA4957}.Release|x64.ActiveCfg = Release|Any CPU
		{DA393A72-6A15-4B72-B121-16847BCA4957}.Release|x64.Build.0 = Release|Any CPU
		{DA393A72-6A15-4B72-B121-16847BCA4957}.Release|x86.ActiveCfg = Release|Any CPU
		{DA393A72-6A15-4B72-B121-16847BCA4957}.Release|x86.Build.0 = Release|Any CPU
		{E26C719D-029D-4912-A6A0-C18A5623B192}.Debug|Any CPU.ActiveCfg = Debug|Any CPU
		{E26C719D-029D-4912-A6A0-C18A5623B192}.Debug|Any CPU.Build.0 = Debug|Any CPU
		{E26C719D-029D-4912-A6A0-C18A5623B192}.Debug|ARM.ActiveCfg = Debug|Any CPU
		{E26C719D-029D-4912-A6A0-C18A5623B192}.Debug|ARM.Build.0 = Debug|Any CPU
		{E26C719D-029D-4912-A6A0-C18A5623B192}.Debug|ARM64.ActiveCfg = Debug|Any CPU
		{E26C719D-029D-4912-A6A0-C18A5623B192}.Debug|ARM64.Build.0 = Debug|Any CPU
		{E26C719D-029D-4912-A6A0-C18A5623B192}.Debug|x64.ActiveCfg = Debug|Any CPU
		{E26C719D-029D-4912-A6A0-C18A5623B192}.Debug|x64.Build.0 = Debug|Any CPU
		{E26C719D-029D-4912-A6A0-C18A5623B192}.Debug|x86.ActiveCfg = Debug|Any CPU
		{E26C719D-029D-4912-A6A0-C18A5623B192}.Debug|x86.Build.0 = Debug|Any CPU
		{E26C719D-029D-4912-A6A0-C18A5623B192}.Release|Any CPU.ActiveCfg = Release|Any CPU
		{E26C719D-029D-4912-A6A0-C18A5623B192}.Release|Any CPU.Build.0 = Release|Any CPU
		{E26C719D-029D-4912-A6A0-C18A5623B192}.Release|ARM.ActiveCfg = Release|Any CPU
		{E26C719D-029D-4912-A6A0-C18A5623B192}.Release|ARM.Build.0 = Release|Any CPU
		{E26C719D-029D-4912-A6A0-C18A5623B192}.Release|ARM64.ActiveCfg = Release|Any CPU
		{E26C719D-029D-4912-A6A0-C18A5623B192}.Release|ARM64.Build.0 = Release|Any CPU
		{E26C719D-029D-4912-A6A0-C18A5623B192}.Release|x64.ActiveCfg = Release|Any CPU
		{E26C719D-029D-4912-A6A0-C18A5623B192}.Release|x64.Build.0 = Release|Any CPU
		{E26C719D-029D-4912-A6A0-C18A5623B192}.Release|x86.ActiveCfg = Release|Any CPU
		{E26C719D-029D-4912-A6A0-C18A5623B192}.Release|x86.Build.0 = Release|Any CPU
		{88D5C2B5-41B9-4FCE-BDA3-82CB49CEAC46}.Debug|Any CPU.ActiveCfg = Debug|Any CPU
		{88D5C2B5-41B9-4FCE-BDA3-82CB49CEAC46}.Debug|Any CPU.Build.0 = Debug|Any CPU
		{88D5C2B5-41B9-4FCE-BDA3-82CB49CEAC46}.Debug|ARM.ActiveCfg = Debug|Any CPU
		{88D5C2B5-41B9-4FCE-BDA3-82CB49CEAC46}.Debug|ARM.Build.0 = Debug|Any CPU
		{88D5C2B5-41B9-4FCE-BDA3-82CB49CEAC46}.Debug|ARM64.ActiveCfg = Debug|Any CPU
		{88D5C2B5-41B9-4FCE-BDA3-82CB49CEAC46}.Debug|ARM64.Build.0 = Debug|Any CPU
		{88D5C2B5-41B9-4FCE-BDA3-82CB49CEAC46}.Debug|x64.ActiveCfg = Debug|Any CPU
		{88D5C2B5-41B9-4FCE-BDA3-82CB49CEAC46}.Debug|x64.Build.0 = Debug|Any CPU
		{88D5C2B5-41B9-4FCE-BDA3-82CB49CEAC46}.Debug|x86.ActiveCfg = Debug|Any CPU
		{88D5C2B5-41B9-4FCE-BDA3-82CB49CEAC46}.Debug|x86.Build.0 = Debug|Any CPU
		{88D5C2B5-41B9-4FCE-BDA3-82CB49CEAC46}.Release|Any CPU.ActiveCfg = Release|Any CPU
		{88D5C2B5-41B9-4FCE-BDA3-82CB49CEAC46}.Release|Any CPU.Build.0 = Release|Any CPU
		{88D5C2B5-41B9-4FCE-BDA3-82CB49CEAC46}.Release|ARM.ActiveCfg = Release|Any CPU
		{88D5C2B5-41B9-4FCE-BDA3-82CB49CEAC46}.Release|ARM.Build.0 = Release|Any CPU
		{88D5C2B5-41B9-4FCE-BDA3-82CB49CEAC46}.Release|ARM64.ActiveCfg = Release|Any CPU
		{88D5C2B5-41B9-4FCE-BDA3-82CB49CEAC46}.Release|ARM64.Build.0 = Release|Any CPU
		{88D5C2B5-41B9-4FCE-BDA3-82CB49CEAC46}.Release|x64.ActiveCfg = Release|Any CPU
		{88D5C2B5-41B9-4FCE-BDA3-82CB49CEAC46}.Release|x64.Build.0 = Release|Any CPU
		{88D5C2B5-41B9-4FCE-BDA3-82CB49CEAC46}.Release|x86.ActiveCfg = Release|Any CPU
		{88D5C2B5-41B9-4FCE-BDA3-82CB49CEAC46}.Release|x86.Build.0 = Release|Any CPU
		{B6FBEFD3-8011-4240-B8BF-F5A446BB06D3}.Debug|Any CPU.ActiveCfg = Debug|Any CPU
		{B6FBEFD3-8011-4240-B8BF-F5A446BB06D3}.Debug|Any CPU.Build.0 = Debug|Any CPU
		{B6FBEFD3-8011-4240-B8BF-F5A446BB06D3}.Debug|ARM.ActiveCfg = Debug|Any CPU
		{B6FBEFD3-8011-4240-B8BF-F5A446BB06D3}.Debug|ARM.Build.0 = Debug|Any CPU
		{B6FBEFD3-8011-4240-B8BF-F5A446BB06D3}.Debug|ARM64.ActiveCfg = Debug|Any CPU
		{B6FBEFD3-8011-4240-B8BF-F5A446BB06D3}.Debug|ARM64.Build.0 = Debug|Any CPU
		{B6FBEFD3-8011-4240-B8BF-F5A446BB06D3}.Debug|x64.ActiveCfg = Debug|Any CPU
		{B6FBEFD3-8011-4240-B8BF-F5A446BB06D3}.Debug|x64.Build.0 = Debug|Any CPU
		{B6FBEFD3-8011-4240-B8BF-F5A446BB06D3}.Debug|x86.ActiveCfg = Debug|Any CPU
		{B6FBEFD3-8011-4240-B8BF-F5A446BB06D3}.Debug|x86.Build.0 = Debug|Any CPU
		{B6FBEFD3-8011-4240-B8BF-F5A446BB06D3}.Release|Any CPU.ActiveCfg = Release|Any CPU
		{B6FBEFD3-8011-4240-B8BF-F5A446BB06D3}.Release|Any CPU.Build.0 = Release|Any CPU
		{B6FBEFD3-8011-4240-B8BF-F5A446BB06D3}.Release|ARM.ActiveCfg = Release|Any CPU
		{B6FBEFD3-8011-4240-B8BF-F5A446BB06D3}.Release|ARM.Build.0 = Release|Any CPU
		{B6FBEFD3-8011-4240-B8BF-F5A446BB06D3}.Release|ARM64.ActiveCfg = Release|Any CPU
		{B6FBEFD3-8011-4240-B8BF-F5A446BB06D3}.Release|ARM64.Build.0 = Release|Any CPU
		{B6FBEFD3-8011-4240-B8BF-F5A446BB06D3}.Release|x64.ActiveCfg = Release|Any CPU
		{B6FBEFD3-8011-4240-B8BF-F5A446BB06D3}.Release|x64.Build.0 = Release|Any CPU
		{B6FBEFD3-8011-4240-B8BF-F5A446BB06D3}.Release|x86.ActiveCfg = Release|Any CPU
		{B6FBEFD3-8011-4240-B8BF-F5A446BB06D3}.Release|x86.Build.0 = Release|Any CPU
		{4CF1840E-730D-40AC-BEC9-402996036E19}.Debug|Any CPU.ActiveCfg = Debug|Any CPU
		{4CF1840E-730D-40AC-BEC9-402996036E19}.Debug|Any CPU.Build.0 = Debug|Any CPU
		{4CF1840E-730D-40AC-BEC9-402996036E19}.Debug|ARM.ActiveCfg = Debug|Any CPU
		{4CF1840E-730D-40AC-BEC9-402996036E19}.Debug|ARM.Build.0 = Debug|Any CPU
		{4CF1840E-730D-40AC-BEC9-402996036E19}.Debug|ARM64.ActiveCfg = Debug|Any CPU
		{4CF1840E-730D-40AC-BEC9-402996036E19}.Debug|ARM64.Build.0 = Debug|Any CPU
		{4CF1840E-730D-40AC-BEC9-402996036E19}.Debug|x64.ActiveCfg = Debug|Any CPU
		{4CF1840E-730D-40AC-BEC9-402996036E19}.Debug|x64.Build.0 = Debug|Any CPU
		{4CF1840E-730D-40AC-BEC9-402996036E19}.Debug|x86.ActiveCfg = Debug|Any CPU
		{4CF1840E-730D-40AC-BEC9-402996036E19}.Debug|x86.Build.0 = Debug|Any CPU
		{4CF1840E-730D-40AC-BEC9-402996036E19}.Release|Any CPU.ActiveCfg = Release|Any CPU
		{4CF1840E-730D-40AC-BEC9-402996036E19}.Release|Any CPU.Build.0 = Release|Any CPU
		{4CF1840E-730D-40AC-BEC9-402996036E19}.Release|ARM.ActiveCfg = Release|Any CPU
		{4CF1840E-730D-40AC-BEC9-402996036E19}.Release|ARM.Build.0 = Release|Any CPU
		{4CF1840E-730D-40AC-BEC9-402996036E19}.Release|ARM64.ActiveCfg = Release|Any CPU
		{4CF1840E-730D-40AC-BEC9-402996036E19}.Release|ARM64.Build.0 = Release|Any CPU
		{4CF1840E-730D-40AC-BEC9-402996036E19}.Release|x64.ActiveCfg = Release|Any CPU
		{4CF1840E-730D-40AC-BEC9-402996036E19}.Release|x64.Build.0 = Release|Any CPU
		{4CF1840E-730D-40AC-BEC9-402996036E19}.Release|x86.ActiveCfg = Release|Any CPU
		{4CF1840E-730D-40AC-BEC9-402996036E19}.Release|x86.Build.0 = Release|Any CPU
	EndGlobalSection
	GlobalSection(SolutionProperties) = preSolution
		HideSolutionNode = FALSE
	EndGlobalSection
	GlobalSection(NestedProjects) = preSolution
		{2BC1202A-149F-44D3-BDAD-5E67C758F369} = {B97D2937-9491-42BA-82EC-BB3376186F33}
		{D2375805-D8EB-4014-9BD3-8F077D019786} = {B97D2937-9491-42BA-82EC-BB3376186F33}
		{47CEE8DF-4231-4ECA-96D4-6DC71768269C} = {B97D2937-9491-42BA-82EC-BB3376186F33}
		{8242A870-A341-480B-B77C-20887F8ABF8B} = {B97D2937-9491-42BA-82EC-BB3376186F33}
		{DA393A72-6A15-4B72-B121-16847BCA4957} = {B97D2937-9491-42BA-82EC-BB3376186F33}
		{E26C719D-029D-4912-A6A0-C18A5623B192} = {F4440A0B-829C-4222-8AA8-65E7B6755984}
		{88D5C2B5-41B9-4FCE-BDA3-82CB49CEAC46} = {F4440A0B-829C-4222-8AA8-65E7B6755984}
		{B6FBEFD3-8011-4240-B8BF-F5A446BB06D3} = {F4440A0B-829C-4222-8AA8-65E7B6755984}
		{4CF1840E-730D-40AC-BEC9-402996036E19} = {F4440A0B-829C-4222-8AA8-65E7B6755984}
	EndGlobalSection
	GlobalSection(ExtensibilityGlobals) = postSolution
		SolutionGuid = {7AACB5E6-A05B-4E1D-BAAD-F4634F001063}
	EndGlobalSection
EndGlobal
